
Microsoft Visual Studio Solution File, Format Version 12.00
# Visual Studio 15
VisualStudioVersion = 15.0.28307.271
MinimumVisualStudioVersion = 10.0.40219.1
Project("{FAE04EC0-301F-11D3-BF4B-00C04F79EFBC}") = "LINQ", "LINQ\LINQ.csproj", "{A702612A-4E63-481F-9A09-5B8F1CB8354A}"
EndProject
Global
	GlobalSection(SolutionConfigurationPlatforms) = preSolution
		Debug|Any CPU = Debug|Any CPU
		Release|Any CPU = Release|Any CPU
	EndGlobalSection
	GlobalSection(ProjectConfigurationPlatforms) = postSolution
		{A702612A-4E63-481F-9A09-5B8F1CB8354A}.Debug|Any CPU.ActiveCfg = Debug|Any CPU
		{A702612A-4E63-481F-9A09-5B8F1CB8354A}.Debug|Any CPU.Build.0 = Debug|Any CPU
		{A702612A-4E63-481F-9A09-5B8F1CB8354A}.Release|Any CPU.ActiveCfg = Release|Any CPU
		{A702612A-4E63-481F-9A09-5B8F1CB8354A}.Release|Any CPU.Build.0 = Release|Any CPU
	EndGlobalSection
	GlobalSection(SolutionProperties) = preSolution
		HideSolutionNode = FALSE
	EndGlobalSection
	GlobalSection(ExtensibilityGlobals) = postSolution
		SolutionGuid = {912AC2AD-1CC7-4CC2-8AFF-6B99A1A3F9E5}
	EndGlobalSection
EndGlobal
